
Microsoft Visual Studio Solution File, Format Version 10.00
# Visual Studio 2008
Project("{FAE04EC0-301F-11D3-BF4B-00C04F79EFBC}") = "ChatterService", "ChatterService\ChatterService.csproj", "{2B6DAD87-88CE-4870-85F7-159BE78ADE05}"
EndProject
Project("{FAE04EC0-301F-11D3-BF4B-00C04F79EFBC}") = "ChatterServiceTest", "ChatterServiceTest\ChatterServiceTest.csproj", "{45EFD7DD-207C-4257-B42F-B3CC78BE78BC}"
EndProject
Project("{2150E333-8FDC-42A3-9474-1A3956D46DE8}") = "Solution Items", "Solution Items", "{9F1CC935-9C85-4066-A3B7-04483DCE5E6A}"
	ProjectSection(SolutionItems) = preProject
		Chatter.vsmdi = Chatter.vsmdi
		LocalTestRun.testrunconfig = LocalTestRun.testrunconfig
	EndProjectSection
EndProject
Project("{FAE04EC0-301F-11D3-BF4B-00C04F79EFBC}") = "ChatterServiceWeb", "ChatterServiceWeb\ChatterServiceWeb.csproj", "{23250363-3406-4AF5-A486-5FB6C9F347E9}"
EndProject
Project("{2CFEAB61-6A3B-4EB8-B523-560B4BEEF521}") = "ChatterServiceWeb.Deploy", "ChatterServiceWeb.Deploy\ChatterServiceWeb.Deploy.wdproj", "{7FA2C7B9-9C22-4122-8279-8A3D2BA7E4F7}"
EndProject
Global
	GlobalSection(TestCaseManagementSettings) = postSolution
		CategoryFile = Chatter.vsmdi
	EndGlobalSection
	GlobalSection(SolutionConfigurationPlatforms) = preSolution
		Debug|Any CPU = Debug|Any CPU
		Release|Any CPU = Release|Any CPU
	EndGlobalSection
	GlobalSection(ProjectConfigurationPlatforms) = postSolution
		{2B6DAD87-88CE-4870-85F7-159BE78ADE05}.Debug|Any CPU.ActiveCfg = Debug|Any CPU
		{2B6DAD87-88CE-4870-85F7-159BE78ADE05}.Debug|Any CPU.Build.0 = Debug|Any CPU
		{2B6DAD87-88CE-4870-85F7-159BE78ADE05}.Release|Any CPU.ActiveCfg = Release|Any CPU
		{2B6DAD87-88CE-4870-85F7-159BE78ADE05}.Release|Any CPU.Build.0 = Release|Any CPU
		{45EFD7DD-207C-4257-B42F-B3CC78BE78BC}.Debug|Any CPU.ActiveCfg = Debug|Any CPU
		{45EFD7DD-207C-4257-B42F-B3CC78BE78BC}.Debug|Any CPU.Build.0 = Debug|Any CPU
		{45EFD7DD-207C-4257-B42F-B3CC78BE78BC}.Release|Any CPU.ActiveCfg = Release|Any CPU
		{45EFD7DD-207C-4257-B42F-B3CC78BE78BC}.Release|Any CPU.Build.0 = Release|Any CPU
		{23250363-3406-4AF5-A486-5FB6C9F347E9}.Debug|Any CPU.ActiveCfg = Debug|Any CPU
		{23250363-3406-4AF5-A486-5FB6C9F347E9}.Debug|Any CPU.Build.0 = Debug|Any CPU
		{23250363-3406-4AF5-A486-5FB6C9F347E9}.Release|Any CPU.ActiveCfg = Release|Any CPU
		{23250363-3406-4AF5-A486-5FB6C9F347E9}.Release|Any CPU.Build.0 = Release|Any CPU
		{7FA2C7B9-9C22-4122-8279-8A3D2BA7E4F7}.Debug|Any CPU.ActiveCfg = Debug|Any CPU
		{7FA2C7B9-9C22-4122-8279-8A3D2BA7E4F7}.Debug|Any CPU.Build.0 = Debug|Any CPU
		{7FA2C7B9-9C22-4122-8279-8A3D2BA7E4F7}.Release|Any CPU.ActiveCfg = Release|Any CPU
		{7FA2C7B9-9C22-4122-8279-8A3D2BA7E4F7}.Release|Any CPU.Build.0 = Release|Any CPU
	EndGlobalSection
	GlobalSection(SolutionProperties) = preSolution
		HideSolutionNode = FALSE
	EndGlobalSection
EndGlobal
